<Solution>
  <Folder Name="/Solution Items/">
    <File Path="docker-compose.yml" />
  </Folder>
  <Project Path="ChatApp.API/ChatApp.API.csproj" />
  <Project Path="ChatApp.Application/ChatApp.Application.csproj" />
  <Project Path="ChatApp.Client/ChatApp.Client.csproj" />
  <Project Path="ChatApp.Domain/ChatApp.Domain.csproj" />
  <Project Path="ChatApp.Infrastructure/ChatApp.Infrastructure.csproj" />
  <Project Path="ChatApp.Tests/ChatApp.Tests.csproj" />
</Solution>
